
Microsoft Visual Studio Solution File, Format Version 12.00
# Visual Studio Version 17
VisualStudioVersion = 17.14.36408.4 d17.14
MinimumVisualStudioVersion = 10.0.40219.1
Project("{FAE04EC0-301F-11D3-BF4B-00C04F79EFBC}") = "AresInstaller", "AresInstaller\AresInstaller.csproj", "{37B88B0B-58B3-47A8-A91F-DC6B7B0A0587}"
EndProject
Global
	GlobalSection(SolutionConfigurationPlatforms) = preSolution
		Debug|Any CPU = Debug|Any CPU
		Release|Any CPU = Release|Any CPU
	EndGlobalSection
	GlobalSection(ProjectConfigurationPlatforms) = postSolution
		{37B88B0B-58B3-47A8-A91F-DC6B7B0A0587}.Debug|Any CPU.ActiveCfg = Debug|Any CPU
		{37B88B0B-58B3-47A8-A91F-DC6B7B0A0587}.Debug|Any CPU.Build.0 = Debug|Any CPU
		{37B88B0B-58B3-47A8-A91F-DC6B7B0A0587}.Release|Any CPU.ActiveCfg = Release|Any CPU
		{37B88B0B-58B3-47A8-A91F-DC6B7B0A0587}.Release|Any CPU.Build.0 = Release|Any CPU
	EndGlobalSection
	GlobalSection(SolutionProperties) = preSolution
		HideSolutionNode = FALSE
	EndGlobalSection
	GlobalSection(ExtensibilityGlobals) = postSolution
		SolutionGuid = {40BE83DF-ABB2-4B4A-88E5-CC526ECF6296}
	EndGlobalSection
EndGlobal
